
Microsoft Visual Studio Solution File, Format Version 12.00
# Visual Studio Version 17
VisualStudioVersion = 17.12.35527.113 d17.12
MinimumVisualStudioVersion = 10.0.40219.1
Project("{FAE04EC0-301F-11D3-BF4B-00C04F79EFBC}") = "Encapsulation", "Encapsulation.csproj", "{BC5EB517-69C6-4175-B848-D447A77917DD}"
EndProject
Global
	GlobalSection(SolutionConfigurationPlatforms) = preSolution
		Debug|Any CPU = Debug|Any CPU
		Release|Any CPU = Release|Any CPU
	EndGlobalSection
	GlobalSection(ProjectConfigurationPlatforms) = postSolution
		{BC5EB517-69C6-4175-B848-D447A77917DD}.Debug|Any CPU.ActiveCfg = Debug|Any CPU
		{BC5EB517-69C6-4175-B848-D447A77917DD}.Debug|Any CPU.Build.0 = Debug|Any CPU
		{BC5EB517-69C6-4175-B848-D447A77917DD}.Release|Any CPU.ActiveCfg = Release|Any CPU
		{BC5EB517-69C6-4175-B848-D447A77917DD}.Release|Any CPU.Build.0 = Release|Any CPU
	EndGlobalSection
	GlobalSection(SolutionProperties) = preSolution
		HideSolutionNode = FALSE
	EndGlobalSection
EndGlobal
